
Microsoft Visual Studio Solution File, Format Version 12.00
# Visual Studio Version 16
VisualStudioVersion = 16.0.30804.86
MinimumVisualStudioVersion = 10.0.40219.1
Project("{FAE04EC0-301F-11D3-BF4B-00C04F79EFBC}") = "project2", "project2.csproj", "{546F0582-B1A1-47F1-B2ED-58255A10E114}"
EndProject
Global
	GlobalSection(SolutionConfigurationPlatforms) = preSolution
		Debug|Any CPU = Debug|Any CPU
		Release|Any CPU = Release|Any CPU
	EndGlobalSection
	GlobalSection(ProjectConfigurationPlatforms) = postSolution
		{546F0582-B1A1-47F1-B2ED-58255A10E114}.Debug|Any CPU.ActiveCfg = Debug|Any CPU
		{546F0582-B1A1-47F1-B2ED-58255A10E114}.Debug|Any CPU.Build.0 = Debug|Any CPU
		{546F0582-B1A1-47F1-B2ED-58255A10E114}.Release|Any CPU.ActiveCfg = Release|Any CPU
		{546F0582-B1A1-47F1-B2ED-58255A10E114}.Release|Any CPU.Build.0 = Release|Any CPU
	EndGlobalSection
	GlobalSection(SolutionProperties) = preSolution
		HideSolutionNode = FALSE
	EndGlobalSection
	GlobalSection(ExtensibilityGlobals) = postSolution
		SolutionGuid = {92D82EE4-7C8B-48D9-86FD-88DB300E512C}
	EndGlobalSection
EndGlobal
